
Microsoft Visual Studio Solution File, Format Version 12.00
# Visual Studio 15
VisualStudioVersion = 15.0.27004.2002
MinimumVisualStudioVersion = 10.0.40219.1
Project("{FAE04EC0-301F-11D3-BF4B-00C04F79EFBC}") = "FridgeRestServer", "FridgeRestServer\FridgeRestServer.csproj", "{F7793142-2A66-416B-B1BF-70D9E2789A1C}"
EndProject
Global
	GlobalSection(SolutionConfigurationPlatforms) = preSolution
		Debug|Any CPU = Debug|Any CPU
		Release|Any CPU = Release|Any CPU
	EndGlobalSection
	GlobalSection(ProjectConfigurationPlatforms) = postSolution
		{F7793142-2A66-416B-B1BF-70D9E2789A1C}.Debug|Any CPU.ActiveCfg = Debug|Any CPU
		{F7793142-2A66-416B-B1BF-70D9E2789A1C}.Debug|Any CPU.Build.0 = Debug|Any CPU
		{F7793142-2A66-416B-B1BF-70D9E2789A1C}.Release|Any CPU.ActiveCfg = Release|Any CPU
		{F7793142-2A66-416B-B1BF-70D9E2789A1C}.Release|Any CPU.Build.0 = Release|Any CPU
	EndGlobalSection
	GlobalSection(SolutionProperties) = preSolution
		HideSolutionNode = FALSE
	EndGlobalSection
	GlobalSection(ExtensibilityGlobals) = postSolution
		SolutionGuid = {D42F3DF6-F0AB-48B5-BCC1-E25E0E11A77F}
	EndGlobalSection
EndGlobal
